// !$*UTF8*$!
{
	archiveVersion = 1;
	classes = {
	};
	objectVersion = 48;
	objects = {

/* Begin PBXBuildFile section */
		0DA4AD451FF3434A0041124F /* AppDelegate.swift in Sources */ = {isa = PBXBuildFile; fileRef = 0DA4AD441FF3434A0041124F /* AppDelegate.swift */; };
		0DA4AD471FF3434A0041124F /* ViewController.swift in Sources */ = {isa = PBXBuildFile; fileRef = 0DA4AD461FF3434A0041124F /* ViewController.swift */; };
		0DA4AD4A1FF3434A0041124F /* Main.storyboard in Resources */ = {isa = PBXBuildFile; fileRef = 0DA4AD481FF3434A0041124F /* Main.storyboard */; };
		0DA4AD4C1FF3434A0041124F /* Assets.xcassets in Resources */ = {isa = PBXBuildFile; fileRef = 0DA4AD4B1FF3434A0041124F /* Assets.xcassets */; };
		0DA4AD4F1FF3434A0041124F /* LaunchScreen.storyboard in Resources */ = {isa = PBXBuildFile; fileRef = 0DA4AD4D1FF3434A0041124F /* LaunchScreen.storyboard */; };
/* End PBXBuildFile section */

/* Begin PBXFileReference section */
		0DA4AD411FF3434A0041124F /* LaculculadoraJuan.app */ = {isa = PBXFileReference; explicitFileType = wrapper.application; includeInIndex = 0; path = LaculculadoraJuan.app; sourceTree = BUILT_PRODUCTS_DIR; };
		0DA4AD441FF3434A0041124F /* AppDelegate.swift */ = {isa = PBXFileReference; lastKnownFileType = sourcecode.swift; path = AppDelegate.swift; sourceTree = "<group>"; };
		0DA4AD461FF3434A0041124F /* ViewController.swift */ = {isa = PBXFileReference; lastKnownFileType = sourcecode.swift; path = ViewController.swift; sourceTree = "<group>"; };
		0DA4AD491FF3434A0041124F /* Base */ = {isa = PBXFileReference; lastKnownFileType = file.storyboard; name = Base; path = Base.lproj/Main.storyboard; sourceTree = "<group>"; };
		0DA4AD4B1FF3434A0041124F /* Assets.xcassets */ = {isa = PBXFileReference; lastKnownFileType = folder.assetcatalog; path = Assets.xcassets; sourceTree = "<group>"; };
		0DA4AD4E1FF3434A0041124F /* Base */ = {isa = PBXFileReference; lastKnownFileType = file.storyboard; name = Base; path = Base.lproj/LaunchScreen.storyboard; sourceTree = "<group>"; };
		0DA4AD501FF3434A0041124F /* Info.plist */ = {isa = PBXFileReference; lastKnownFileType = text.plist.xml; path = Info.plist; sourceTree = "<group>"; };
/* End PBXFileReference section */

/* Begin PBXFrameworksBuildPhase section */
		0DA4AD3E1FF3434A0041124F /* Frameworks */ = {
			isa = PBXFrameworksBuildPhase;
			buildActionMask = 2147483647;
			files = (
			);
			runOnlyForDeploymentPostprocessing = 0;
		};
/* End PBXFrameworksBuildPhase section */

/* Begin PBXGroup section */
		0DA4AD381FF3434A0041124F = {
			isa = PBXGroup;
			children = (
				0DA4AD431FF3434A0041124F /* LaculculadoraJuan */,
				0DA4AD421FF3434A0041124F /* Products */,
			);
			sourceTree = "<group>";
		};
		0DA4AD421FF3434A0041124F /* Products */ = {
			isa = PBXGroup;
			children = (
				0DA4AD411FF3434A0041124F /* LaculculadoraJuan.app */,
			);
			name = Products;
			sourceTree = "<group>";
		};
		0DA4AD431FF3434A0041124F /* LaculculadoraJuan */ = {
			isa = PBXGroup;
			children = (
				0DA4AD441FF3434A0041124F /* AppDelegate.swift */,
				0DA4AD461FF3434A0041124F /* ViewController.swift */,
				0DA4AD481FF3434A0041124F /* Main.storyboard */,
				0DA4AD4B1FF3434A0041124F /* Assets.xcassets */,
				0DA4AD4D1FF3434A0041124F /* LaunchScreen.storyboard */,
				0DA4AD501FF3434A0041124F /* Info.plist */,
			);
			path = LaculculadoraJuan;
			sourceTree = "<group>";
		};
/* End PBXGroup section */

/* Begin PBXNativeTarget section */
		0DA4AD401FF3434A0041124F /* LaculculadoraJuan */ = {
			isa = PBXNativeTarget;
			buildConfigurationList = 0DA4AD531FF3434A0041124F /* Build configuration list for PBXNativeTarget "LaculculadoraJuan" */;
			buildPhases = (
				0DA4AD3D1FF3434A0041124F /* Sources */,
				0DA4AD3E1FF3434A0041124F /* Frameworks */,
				0DA4AD3F1FF3434A0041124F /* Resources */,
			);
			buildRules = (
			);
			dependencies = (
			);
			name = LaculculadoraJuan;
			productName = LaculculadoraJuan;
			productReference = 0DA4AD411FF3434A0041124F /* LaculculadoraJuan.app */;
			productType = "com.apple.product-type.application";
		};
/* End PBXNativeTarget section */

/* Begin PBXProject section */
		0DA4AD391FF3434A0041124F /* Project object */ = {
			isa = PBXProject;
			attributes = {
				LastSwiftUpdateCheck = 0920;
				LastUpgradeCheck = 0920;
				ORGANIZATIONNAME = net.juanfrancisco.blog;
				TargetAttributes = {
					0DA4AD401FF3434A0041124F = {
						CreatedOnToolsVersion = 9.2;
						ProvisioningStyle = Automatic;
					};
				};
			};
			buildConfigurationList = 0DA4AD3C1FF3434A0041124F /* Build configuration list for PBXProject "LaculculadoraJuan" */;
			compatibilityVersion = "Xcode 8.0";
			developmentRegion = en;
			hasScannedForEncodings = 0;
			knownRegions = (
				en,
				Base,
			);
			mainGroup = 0DA4AD381FF3434A0041124F;
			productRefGroup = 0DA4AD421FF3434A0041124F /* Products */;
			projectDirPath = "";
			projectRoot = "";
			targets = (
				0DA4AD401FF3434A0041124F /* LaculculadoraJuan */,
			);
		};
/* End PBXProject section */

/* Begin PBXResourcesBuildPhase section */
		0DA4AD3F1FF3434A0041124F /* Resources */ = {
			isa = PBXResourcesBuildPhase;
			buildActionMask = 2147483647;
			files = (
				0DA4AD4F1FF3434A0041124F /* LaunchScreen.storyboard in Resources */,
				0DA4AD4C1FF3434A0041124F /* Assets.xcassets in Resources */,
				0DA4AD4A1FF3434A0041124F /* Main.storyboard in Resources */,
			);
			runOnlyForDeploymentPostprocessing = 0;
		};
/* End PBXResourcesBuildPhase section */

/* Begin PBXSourcesBuildPhase section */
		0DA4AD3D1FF3434A0041124F /* Sources */ = {
			isa = PBXSourcesBuildPhase;
			buildActionMask = 2147483647;
			files = (
				0DA4AD471FF3434A0041124F /* ViewController.swift in Sources */,
				0DA4AD451FF3434A0041124F /* AppDelegate.swift in Sources */,
			);
			runOnlyForDeploymentPostprocessing = 0;
		};
/* End PBXSourcesBuildPhase section */

/* Begin PBXVariantGroup section */
		0DA4AD481FF3434A0041124F /* Main.storyboard */ = {
			isa = PBXVariantGroup;
			children = (
				0DA4AD491FF3434A0041124F /* Base */,
			);
			name = Main.storyboard;
			sourceTree = "<group>";
		};
		0DA4AD4D1FF3434A0041124F /* LaunchScreen.storyboard */ = {
			isa = PBXVariantGroup;
			children = (
				0DA4AD4E1FF3434A0041124F /* Base */,
			);
			name = LaunchScreen.storyboard;
			sourceTree = "<group>";
		};
/* End PBXVariantGroup section */

/* Begin XCBuildConfiguration section */
		0DA4AD511FF3434A0041124F /* Debug */ = {
			isa = XCBuildConfiguration;
			buildSettings = {
				ALWAYS_SEARCH_USER_PATHS = NO;
				CLANG_ANALYZER_NONNULL = YES;
				CLANG_ANALYZER_NUMBER_OBJECT_CONVERSION = YES_AGGRESSIVE;
				CLANG_CXX_LANGUAGE_STANDARD = "gnu++14";
				CLANG_CXX_LIBRARY = "libc++";
				CLANG_ENABLE_MODULES = YES;
				CLANG_ENABLE_OBJC_ARC = YES;
				CLANG_WARN_BLOCK_CAPTURE_AUTORELEASING = YES;
				CLANG_WARN_BOOL_CONVERSION = YES;
				CLANG_WARN_COMMA = YES;
				CLANG_WARN_CONSTANT_CONVERSION = YES;
				CLANG_WARN_DIRECT_OBJC_ISA_USAGE = YES_ERROR;
				CLANG_WARN_DOCUMENTATION_COMMENTS = YES;
				CLANG_WARN_EMPTY_BODY = YES;
				CLANG_WARN_ENUM_CONVERSION = YES;
				CLANG_WARN_INFINITE_RECURSION = YES;
				CLANG_WARN_INT_CONVERSION = YES;
				CLANG_WARN_NON_LITERAL_NULL_CONVERSION = YES;
				CLANG_WARN_OBJC_LITERAL_CONVERSION = YES;
				CLANG_WARN_OBJC_ROOT_CLASS = YES_ERROR;
				CLANG_WARN_RANGE_LOOP_ANALYSIS = YES;
				CLANG_WARN_STRICT_PROTOTYPES = YES;
				CLANG_WARN_SUSPICIOUS_MOVE = YES;
				CLANG_WARN_UNGUARDED_AVAILABILITY = YES_AGGRESSIVE;
				CLANG_WARN_UNREACHABLE_CODE = YES;
				CLANG_WARN__DUPLICATE_METHOD_MATCH = YES;
				CODE_SIGN_IDENTITY = "iPhone Developer";
				COPY_PHASE_STRIP = NO;
				DEBUG_INFORMATION_FORMAT = dwarf;
				ENABLE_STRICT_OBJC_MSGSEND = YES;
				ENABLE_TESTABILITY = YES;
				GCC_C_LANGUAGE_STANDARD = gnu11;
				GCC_DYNAMIC_NO_PIC = NO;
				GCC_NO_COMMON_BLOCKS = YES;
				GCC_OPTIMIZATION_LEVEL = 0;
				GCC_PREPROCESSOR_DEFINITIONS = (
					"DEBUG=1",
					"$(inherited)",
				);
				GCC_WARN_64_TO_32_BIT_CONVERSION = YES;
				GCC_WARN_ABOUT_RETURN_TYPE = YES_ERROR;
				GCC_WARN_UNDECLARED_SELECTOR = YES;
				GCC_WARN_UNINITIALIZED_AUTOS = YES_AGGRESSIVE;
				GCC_WARN_UNUSED_FUNCTION = YES;
				GCC_WARN_UNUSED_VARIABLE = YES;
				IPHONEOS_DEPLOYMENT_TARGET = 11.2;
				MTL_ENABLE_DEBUG_INFO = YES;
				ONLY_ACTIVE_ARCH = YES;
				SDKROOT = iphoneos;
				SWIFT_ACTIVE_COMPILATION_CONDITIONS = DEBUG;
				SWIFT_OPTIMIZATION_LEVEL = "-Onone";
			};
			name = Debug;
		};
		0DA4AD521FF3434A0041124F /* Release */ = {
			isa = XCBuildConfiguration;
			buildSettings = {
				ALWAYS_SEARCH_USER_PATHS = NO;
				CLANG_ANALYZER_NONNULL = YES;
				CLANG_ANALYZER_NUMBER_OBJECT_CONVERSION = YES_AGGRESSIVE;
				CLANG_CXX_LANGUAGE_STANDARD = "gnu++14";
				CLANG_CXX_LIBRARY = "libc++";
				CLANG_ENABLE_MODULES = YES;
				CLANG_ENABLE_OBJC_ARC = YES;
				CLANG_WARN_BLOCK_CAPTURE_AUTORELEASING = YES;
				CLANG_WARN_BOOL_CONVERSION = YES;
				CLANG_WARN_COMMA = YES;
				CLANG_WARN_CONSTANT_CONVERSION = YES;
				CLANG_WARN_DIRECT_OBJC_ISA_USAGE = YES_ERROR;
				CLANG_WARN_DOCUMENTATION_COMMENTS = YES;
				CLANG_WARN_EMPTY_BODY = YES;
				CLANG_WARN_ENUM_CONVERSION = YES;
				CLANG_WARN_INFINITE_RECURSION = YES;
				CLANG_WARN_INT_CONVERSION = YES;
				CLANG_WARN_NON_LITERAL_NULL_CONVERSION = YES;
				CLANG_WARN_OBJC_LITERAL_CONVERSION = YES;
				CLANG_WARN_OBJC_ROOT_CLASS = YES_ERROR;
				CLANG_WARN_RANGE_LOOP_ANALYSIS = YES;
				CLANG_WARN_STRICT_PROTOTYPES = YES;
				CLANG_WARN_SUSPICIOUS_MOVE = YES;
				CLANG_WARN_UNGUARDED_AVAILABILITY = YES_AGGRESSIVE;
				CLANG_WARN_UNREACHABLE_CODE = YES;
				CLANG_WARN__DUPLICATE_METHOD_MATCH = YES;
				CODE_SIGN_IDENTITY = "iPhone Developer";
				COPY_PHASE_STRIP = NO;
				DEBUG_INFORMATION_FORMAT = "dwarf-with-dsym";
				ENABLE_NS_ASSERTIONS = NO;
				ENABLE_STRICT_OBJC_MSGSEND = YES;
				GCC_C_LANGUAGE_STANDARD = gnu11;
				GCC_NO_COMMON_BLOCKS = YES;
				GCC_WARN_64_TO_32_BIT_CONVERSION = YES;
				GCC_WARN_ABOUT_RETURN_TYPE = YES_ERROR;
				GCC_WARN_UNDECLARED_SELECTOR = YES;
				GCC_WARN_UNINITIALIZED_AUTOS = YES_AGGRESSIVE;
				GCC_WARN_UNUSED_FUNCTION = YES;
				GCC_WARN_UNUSED_VARIABLE = YES;
				IPHONEOS_DEPLOYMENT_TARGET = 11.2;
				MTL_ENABLE_DEBUG_INFO = NO;
				SDKROOT = iphoneos;
				SWIFT_OPTIMIZATION_LEVEL = "-Owholemodule";
				VALIDATE_PRODUCT = YES;
			};
			name = Release;
		};
		0DA4AD541FF3434A0041124F /* Debug */ = {
			isa = XCBuildConfiguration;
			buildSettings = {
				ASSETCATALOG_COMPILER_APPICON_NAME = AppIcon;
				CODE_SIGN_STYLE = Automatic;
				DEVELOPMENT_TEAM = A5HZDPVDZE;
				INFOPLIST_FILE = LaculculadoraJuan/Info.plist;
				LD_RUNPATH_SEARCH_PATHS = "$(inherited) @executable_path/Frameworks";
				PRODUCT_BUNDLE_IDENTIFIER = Acordes1.net.juanfrancisco.blog.LaculculadoraJuan;
				PRODUCT_NAME = "$(TARGET_NAME)";
				SWIFT_VERSION = 4.0;
				TARGETED_DEVICE_FAMILY = "1,2";
			};
			name = Debug;
		};
		0DA4AD551FF3434A0041124F /* Release */ = {
			isa = XCBuildConfiguration;
			buildSettings = {
				ASSETCATALOG_COMPILER_APPICON_NAME = AppIcon;
				CODE_SIGN_STYLE = Automatic;
				DEVELOPMENT_TEAM = A5HZDPVDZE;
				INFOPLIST_FILE = LaculculadoraJuan/Info.plist;
				LD_RUNPATH_SEARCH_PATHS = "$(inherited) @executable_path/Frameworks";
				PRODUCT_BUNDLE_IDENTIFIER = Acordes1.net.juanfrancisco.blog.LaculculadoraJuan;
				PRODUCT_NAME = "$(TARGET_NAME)";
				SWIFT_VERSION = 4.0;
				TARGETED_DEVICE_FAMILY = "1,2";
			};
			name = Release;
		};
/* End XCBuildConfiguration section */

/* Begin XCConfigurationList section */
		0DA4AD3C1FF3434A0041124F /* Build configuration list for PBXProject "LaculculadoraJuan" */ = {
			isa = XCConfigurationList;
			buildConfigurations = (
				0DA4AD511FF3434A0041124F /* Debug */,
				0DA4AD521FF3434A0041124F /* Release */,
			);
			defaultConfigurationIsVisible = 0;
			defaultConfigurationName = Release;
		};
		0DA4AD531FF3434A0041124F /* Build configuration list for PBXNativeTarget "LaculculadoraJuan" */ = {
			isa = XCConfigurationList;
			buildConfigurations = (
				0DA4AD541FF3434A0041124F /* Debug */,
				0DA4AD551FF3434A0041124F /* Release */,
			);
			defaultConfigurationIsVisible = 0;
			defaultConfigurationName = Release;
		};
/* End XCConfigurationList section */
	};
	rootObject = 0DA4AD391FF3434A0041124F /* Project object */;
}
